
Microsoft Visual Studio Solution File, Format Version 12.00
# Visual Studio Version 16
VisualStudioVersion = 16.0.30517.126
MinimumVisualStudioVersion = 10.0.40219.1
Project("{8BC9CEB8-8B4A-11D0-8D11-00A0C91BC942}") = "Task10", "Task10\Task10.vcxproj", "{513EA0D4-0C83-439A-A54F-5B8616D3937E}"
EndProject
Global
	GlobalSection(SolutionConfigurationPlatforms) = preSolution
		Debug|x64 = Debug|x64
		Debug|x86 = Debug|x86
		Release|x64 = Release|x64
		Release|x86 = Release|x86
	EndGlobalSection
	GlobalSection(ProjectConfigurationPlatforms) = postSolution
		{513EA0D4-0C83-439A-A54F-5B8616D3937E}.Debug|x64.ActiveCfg = Debug|x64
		{513EA0D4-0C83-439A-A54F-5B8616D3937E}.Debug|x64.Build.0 = Debug|x64
		{513EA0D4-0C83-439A-A54F-5B8616D3937E}.Debug|x86.ActiveCfg = Debug|Win32
		{513EA0D4-0C83-439A-A54F-5B8616D3937E}.Debug|x86.Build.0 = Debug|Win32
		{513EA0D4-0C83-439A-A54F-5B8616D3937E}.Release|x64.ActiveCfg = Release|x64
		{513EA0D4-0C83-439A-A54F-5B8616D3937E}.Release|x64.Build.0 = Release|x64
		{513EA0D4-0C83-439A-A54F-5B8616D3937E}.Release|x86.ActiveCfg = Release|Win32
		{513EA0D4-0C83-439A-A54F-5B8616D3937E}.Release|x86.Build.0 = Release|Win32
	EndGlobalSection
	GlobalSection(SolutionProperties) = preSolution
		HideSolutionNode = FALSE
	EndGlobalSection
	GlobalSection(ExtensibilityGlobals) = postSolution
		SolutionGuid = {4DCA0149-BD54-47AC-995C-277A140B0788}
	EndGlobalSection
EndGlobal
